{
  "name": "pointRenders",
  "version": "1.0.0",
  "lockfileVersion": 1,
  "requires": true,
  "dependencies": {
    "@here/xyz-maps-common": {
      "version": "0.9.33",
      "resolved": "https://artifactory.in.here.com/artifactory/api/npm/here-node/@here/xyz-maps-common/-/@here/xyz-maps-common-0.9.33.tgz",
      "integrity": "sha1-sLaymPNnikxXfcIgFLyZRYq+MCM="
    },
    "@here/xyz-maps-core": {
      "version": "0.9.33",
      "resolved": "https://artifactory.in.here.com/artifactory/api/npm/here-node/@here/xyz-maps-core/-/@here/xyz-maps-core-0.9.33.tgz",
      "integrity": "sha1-s/bq1EfVjT5pIuf9asQjB1L/H0s="
    },
    "@here/xyz-maps-display": {
      "version": "0.9.33",
      "resolved": "https://artifactory.in.here.com/artifactory/api/npm/here-node/@here/xyz-maps-display/-/@here/xyz-maps-display-0.9.33.tgz",
      "integrity": "sha1-tKGCJu6j9uiSqby2HJX7CHonyfQ="
    },
    "@here/xyz-maps-editor": {
      "version": "0.9.33",
      "resolved": "https://artifactory.in.here.com/artifactory/api/npm/here-node/@here/xyz-maps-editor/-/@here/xyz-maps-editor-0.9.33.tgz",
      "integrity": "sha1-YLIZw571xBDgjKHp2S72zJkpIEs="
    },
    "@here/xyz-maps-plugins": {
      "version": "0.9.33",
      "resolved": "https://artifactory.in.here.com/artifactory/api/npm/here-node/@here/xyz-maps-plugins/-/@here/xyz-maps-plugins-0.9.33.tgz",
      "integrity": "sha1-XYaac4hwOc6E38eoRaNuw+WU6SQ="
    },
    "commander": {
      "version": "2.20.1",
      "resolved": "https://registry.npmjs.org/commander/-/commander-2.20.1.tgz",
      "integrity": "sha512-cCuLsMhJeWQ/ZpsFTbE765kvVfoeSddc4nU3up4fV+fDBcfUXnbITJ+JzhkdjzOqhURjZgujxaioam4RM9yGUg=="
    },
    "docker-names": {
      "version": "1.1.1",
      "resolved": "https://registry.npmjs.org/docker-names/-/docker-names-1.1.1.tgz",
      "integrity": "sha512-YOEN1PvRKoUowilElZAvjtZTSq7KK03kR7RWqNzHigoPusa9q5/Hi3KJDQAHN94dpBdDIQ6ymM/h0Bzg4Ox73g=="
    },
    "lorem-ipsum": {
      "version": "2.0.3",
      "resolved": "https://registry.npmjs.org/lorem-ipsum/-/lorem-ipsum-2.0.3.tgz",
      "integrity": "sha512-CX2r84DMWjW/DWiuzicTI9aRaJPAw2cvAGMJYZh/nx12OkTGqloj8y8FU0S8ZkKwOdqhfxEA6Ly8CW2P6Yxjwg==",
      "requires": {
        "commander": "^2.17.1"
      }
    },
    "random-words": {
      "version": "1.1.0",
      "resolved": "https://registry.npmjs.org/random-words/-/random-words-1.1.0.tgz",
      "integrity": "sha512-GyV8PlSmQE08S/RSCjG9Uh0uQaUC7iRpA18PWk9OSnvNCzKQ+B2NxqqN/cYBej4t7dfBWxh10KFBYSiNcg1jlg=="
    }
  }
}
